
Microsoft Visual Studio Solution File, Format Version 12.00
# Visual Studio Version 17
VisualStudioVersion = 17.14.36127.28 d17.14
MinimumVisualStudioVersion = 10.0.40219.1
Project("{FAE04EC0-301F-11D3-BF4B-00C04F79EFBC}") = "Employee MGMT System", "Employee MGMT System\Employee MGMT System.csproj", "{60D3DF05-079D-47EB-87B2-7D856C768D3C}"
EndProject
Global
	GlobalSection(SolutionConfigurationPlatforms) = preSolution
		Debug|Any CPU = Debug|Any CPU
		Release|Any CPU = Release|Any CPU
	EndGlobalSection
	GlobalSection(ProjectConfigurationPlatforms) = postSolution
		{60D3DF05-079D-47EB-87B2-7D856C768D3C}.Debug|Any CPU.ActiveCfg = Debug|Any CPU
		{60D3DF05-079D-47EB-87B2-7D856C768D3C}.Debug|Any CPU.Build.0 = Debug|Any CPU
		{60D3DF05-079D-47EB-87B2-7D856C768D3C}.Release|Any CPU.ActiveCfg = Release|Any CPU
		{60D3DF05-079D-47EB-87B2-7D856C768D3C}.Release|Any CPU.Build.0 = Release|Any CPU
	EndGlobalSection
	GlobalSection(SolutionProperties) = preSolution
		HideSolutionNode = FALSE
	EndGlobalSection
	GlobalSection(ExtensibilityGlobals) = postSolution
		SolutionGuid = {DD1E5726-BEF1-4507-AF47-22640EEA6A15}
	EndGlobalSection
EndGlobal
